
Microsoft Visual Studio Solution File, Format Version 12.00
# Visual Studio Version 16
VisualStudioVersion = 16.0.30717.126
MinimumVisualStudioVersion = 10.0.40219.1
Project("{FAE04EC0-301F-11D3-BF4B-00C04F79EFBC}") = "MathCore.WinAPI", "MathCore.WinAPI\MathCore.WinAPI.csproj", "{7242A963-1F80-4D88-8083-79304718320E}"
EndProject
Global
	GlobalSection(SolutionConfigurationPlatforms) = preSolution
		Debug|Any CPU = Debug|Any CPU
		Release|Any CPU = Release|Any CPU
	EndGlobalSection
	GlobalSection(ProjectConfigurationPlatforms) = postSolution
		{7242A963-1F80-4D88-8083-79304718320E}.Debug|Any CPU.ActiveCfg = Debug|Any CPU
		{7242A963-1F80-4D88-8083-79304718320E}.Debug|Any CPU.Build.0 = Debug|Any CPU
		{7242A963-1F80-4D88-8083-79304718320E}.Release|Any CPU.ActiveCfg = Release|Any CPU
		{7242A963-1F80-4D88-8083-79304718320E}.Release|Any CPU.Build.0 = Release|Any CPU
	EndGlobalSection
	GlobalSection(SolutionProperties) = preSolution
		HideSolutionNode = FALSE
	EndGlobalSection
	GlobalSection(ExtensibilityGlobals) = postSolution
		SolutionGuid = {C83A5093-6975-42CB-86E4-15E2CB606DEE}
	EndGlobalSection
EndGlobal
